
Microsoft Visual Studio Solution File, Format Version 12.00
# Visual Studio 15
VisualStudioVersion = 15.0.28307.572
MinimumVisualStudioVersion = 10.0.40219.1
Project("{9A19103F-16F7-4668-BE54-9A1E7A4F7556}") = "Web.ReactRedux", "src\Web.ReactRedux\Web.ReactRedux.csproj", "{50CD33CA-5B89-47E0-8CD0-B8B70F71BD71}"
EndProject
Project("{9A19103F-16F7-4668-BE54-9A1E7A4F7556}") = "Domain.Abstractions", "src\Domain.Abstractions\Domain.Abstractions.csproj", "{10625625-F2CB-47B3-AB71-9A65E1A1CCAD}"
EndProject
Project("{9A19103F-16F7-4668-BE54-9A1E7A4F7556}") = "Domain.Logic", "src\Domain.Logic\Domain.Logic.csproj", "{80AB4610-D20C-4656-96B1-5888BC1FBF19}"
EndProject
Project("{9A19103F-16F7-4668-BE54-9A1E7A4F7556}") = "Infrastructure", "src\Infrastructure\Infrastructure.csproj", "{EBCDA917-572E-4C96-9B0B-5FEC6F4C56C4}"
EndProject
Project("{9A19103F-16F7-4668-BE54-9A1E7A4F7556}") = "Domain.Tests.Integration", "tests\Domain.Tests.Integration\Domain.Tests.Integration.csproj", "{B87C5BC2-3D4D-44F8-BF7D-B8BFE3EC82E3}"
EndProject
Project("{9A19103F-16F7-4668-BE54-9A1E7A4F7556}") = "Domain.Tests.Unit", "tests\Domain.Tests.Unit\Domain.Tests.Unit.csproj", "{AB0C8F69-3D50-4904-B968-CCB6AA9DE00D}"
EndProject
Project("{9A19103F-16F7-4668-BE54-9A1E7A4F7556}") = "Infrastructure.Tests.Integration", "tests\Infrastructure.Tests.Intergation\Infrastructure.Tests.Integration.csproj", "{18E732BC-711B-4F80-B33C-92599C966215}"
EndProject
Project("{9A19103F-16F7-4668-BE54-9A1E7A4F7556}") = "Infrastructure.Tests.Unit", "tests\Infrastructure.Tests.Unit\Infrastructure.Tests.Unit.csproj", "{ED3DEFC2-FB31-4F59-A846-FD2D2E31E463}"
EndProject
Project("{9A19103F-16F7-4668-BE54-9A1E7A4F7556}") = "Tests.Shared", "tests\Tests.Shared\Tests.Shared.csproj", "{590669FE-BC90-4235-94FA-B8C66738D255}"
EndProject
Global
	GlobalSection(SolutionConfigurationPlatforms) = preSolution
		Debug|Any CPU = Debug|Any CPU
		Release|Any CPU = Release|Any CPU
	EndGlobalSection
	GlobalSection(ProjectConfigurationPlatforms) = postSolution
		{50CD33CA-5B89-47E0-8CD0-B8B70F71BD71}.Debug|Any CPU.ActiveCfg = Debug|Any CPU
		{50CD33CA-5B89-47E0-8CD0-B8B70F71BD71}.Debug|Any CPU.Build.0 = Debug|Any CPU
		{50CD33CA-5B89-47E0-8CD0-B8B70F71BD71}.Release|Any CPU.ActiveCfg = Release|Any CPU
		{50CD33CA-5B89-47E0-8CD0-B8B70F71BD71}.Release|Any CPU.Build.0 = Release|Any CPU
		{10625625-F2CB-47B3-AB71-9A65E1A1CCAD}.Debug|Any CPU.ActiveCfg = Debug|Any CPU
		{10625625-F2CB-47B3-AB71-9A65E1A1CCAD}.Debug|Any CPU.Build.0 = Debug|Any CPU
		{10625625-F2CB-47B3-AB71-9A65E1A1CCAD}.Release|Any CPU.ActiveCfg = Release|Any CPU
		{10625625-F2CB-47B3-AB71-9A65E1A1CCAD}.Release|Any CPU.Build.0 = Release|Any CPU
		{80AB4610-D20C-4656-96B1-5888BC1FBF19}.Debug|Any CPU.ActiveCfg = Debug|Any CPU
		{80AB4610-D20C-4656-96B1-5888BC1FBF19}.Debug|Any CPU.Build.0 = Debug|Any CPU
		{80AB4610-D20C-4656-96B1-5888BC1FBF19}.Release|Any CPU.ActiveCfg = Release|Any CPU
		{80AB4610-D20C-4656-96B1-5888BC1FBF19}.Release|Any CPU.Build.0 = Release|Any CPU
		{EBCDA917-572E-4C96-9B0B-5FEC6F4C56C4}.Debug|Any CPU.ActiveCfg = Debug|Any CPU
		{EBCDA917-572E-4C96-9B0B-5FEC6F4C56C4}.Debug|Any CPU.Build.0 = Debug|Any CPU
		{EBCDA917-572E-4C96-9B0B-5FEC6F4C56C4}.Release|Any CPU.ActiveCfg = Release|Any CPU
		{EBCDA917-572E-4C96-9B0B-5FEC6F4C56C4}.Release|Any CPU.Build.0 = Release|Any CPU
		{B87C5BC2-3D4D-44F8-BF7D-B8BFE3EC82E3}.Debug|Any CPU.ActiveCfg = Debug|Any CPU
		{B87C5BC2-3D4D-44F8-BF7D-B8BFE3EC82E3}.Debug|Any CPU.Build.0 = Debug|Any CPU
		{B87C5BC2-3D4D-44F8-BF7D-B8BFE3EC82E3}.Release|Any CPU.ActiveCfg = Release|Any CPU
		{B87C5BC2-3D4D-44F8-BF7D-B8BFE3EC82E3}.Release|Any CPU.Build.0 = Release|Any CPU
		{AB0C8F69-3D50-4904-B968-CCB6AA9DE00D}.Debug|Any CPU.ActiveCfg = Debug|Any CPU
		{AB0C8F69-3D50-4904-B968-CCB6AA9DE00D}.Debug|Any CPU.Build.0 = Debug|Any CPU
		{AB0C8F69-3D50-4904-B968-CCB6AA9DE00D}.Release|Any CPU.ActiveCfg = Release|Any CPU
		{AB0C8F69-3D50-4904-B968-CCB6AA9DE00D}.Release|Any CPU.Build.0 = Release|Any CPU
		{18E732BC-711B-4F80-B33C-92599C966215}.Debug|Any CPU.ActiveCfg = Debug|Any CPU
		{18E732BC-711B-4F80-B33C-92599C966215}.Debug|Any CPU.Build.0 = Debug|Any CPU
		{18E732BC-711B-4F80-B33C-92599C966215}.Release|Any CPU.ActiveCfg = Release|Any CPU
		{18E732BC-711B-4F80-B33C-92599C966215}.Release|Any CPU.Build.0 = Release|Any CPU
		{ED3DEFC2-FB31-4F59-A846-FD2D2E31E463}.Debug|Any CPU.ActiveCfg = Debug|Any CPU
		{ED3DEFC2-FB31-4F59-A846-FD2D2E31E463}.Debug|Any CPU.Build.0 = Debug|Any CPU
		{ED3DEFC2-FB31-4F59-A846-FD2D2E31E463}.Release|Any CPU.ActiveCfg = Release|Any CPU
		{ED3DEFC2-FB31-4F59-A846-FD2D2E31E463}.Release|Any CPU.Build.0 = Release|Any CPU
		{590669FE-BC90-4235-94FA-B8C66738D255}.Debug|Any CPU.ActiveCfg = Debug|Any CPU
		{590669FE-BC90-4235-94FA-B8C66738D255}.Debug|Any CPU.Build.0 = Debug|Any CPU
		{590669FE-BC90-4235-94FA-B8C66738D255}.Release|Any CPU.ActiveCfg = Release|Any CPU
		{590669FE-BC90-4235-94FA-B8C66738D255}.Release|Any CPU.Build.0 = Release|Any CPU
	EndGlobalSection
	GlobalSection(SolutionProperties) = preSolution
		HideSolutionNode = FALSE
	EndGlobalSection
	GlobalSection(ExtensibilityGlobals) = postSolution
		SolutionGuid = {21CE1F77-66C7-42BA-8A55-6DCEA0BD0BBD}
	EndGlobalSection
EndGlobal
